
Microsoft Visual Studio Solution File, Format Version 12.00
# Visual Studio 15
VisualStudioVersion = 15.0.28307.1169
MinimumVisualStudioVersion = 10.0.40219.1
Project("{8BC9CEB8-8B4A-11D0-8D11-00A0C91BC942}") = "Licencjat", "Licencjat\Licencjat.vcxproj", "{9D9B8C94-488F-4A7D-856E-B79A2FF644AF}"
EndProject
Project("{54435603-DBB4-11D2-8724-00A0C9A8B90C}") = "Setup", "Setup\Setup.vdproj", "{173D0EB7-FEE1-437E-B5D7-3491298801D9}"
EndProject
Global
	GlobalSection(SolutionConfigurationPlatforms) = preSolution
		Debug|x64 = Debug|x64
		Debug|x86 = Debug|x86
		Release|x64 = Release|x64
		Release|x86 = Release|x86
	EndGlobalSection
	GlobalSection(ProjectConfigurationPlatforms) = postSolution
		{9D9B8C94-488F-4A7D-856E-B79A2FF644AF}.Debug|x64.ActiveCfg = Debug|x64
		{9D9B8C94-488F-4A7D-856E-B79A2FF644AF}.Debug|x64.Build.0 = Debug|x64
		{9D9B8C94-488F-4A7D-856E-B79A2FF644AF}.Debug|x86.ActiveCfg = Debug|Win32
		{9D9B8C94-488F-4A7D-856E-B79A2FF644AF}.Debug|x86.Build.0 = Debug|Win32
		{9D9B8C94-488F-4A7D-856E-B79A2FF644AF}.Release|x64.ActiveCfg = Release|x64
		{9D9B8C94-488F-4A7D-856E-B79A2FF644AF}.Release|x64.Build.0 = Release|x64
		{9D9B8C94-488F-4A7D-856E-B79A2FF644AF}.Release|x86.ActiveCfg = Release|Win32
		{9D9B8C94-488F-4A7D-856E-B79A2FF644AF}.Release|x86.Build.0 = Release|Win32
		{173D0EB7-FEE1-437E-B5D7-3491298801D9}.Debug|x64.ActiveCfg = Debug
		{173D0EB7-FEE1-437E-B5D7-3491298801D9}.Debug|x86.ActiveCfg = Debug
		{173D0EB7-FEE1-437E-B5D7-3491298801D9}.Release|x64.ActiveCfg = Release
		{173D0EB7-FEE1-437E-B5D7-3491298801D9}.Release|x86.ActiveCfg = Release
	EndGlobalSection
	GlobalSection(SolutionProperties) = preSolution
		HideSolutionNode = FALSE
	EndGlobalSection
	GlobalSection(ExtensibilityGlobals) = postSolution
		SolutionGuid = {F4500F9C-2876-41AA-BD5A-3B9D5EED78B2}
	EndGlobalSection
EndGlobal
